{
    "_readme": [
        "This file locks the dependencies of your project to a known state",
        "Read more about it at https://getcomposer.org/doc/01-basic-usage.md#installing-dependencies",
        "This file is @generated automatically"
    ],
    "content-hash": "f90802b5e2276be319fe6b2a66b0c499",
    "packages": [
        {
            "name": "fmihel/php-router",
            "version": "v1.1.2",
            "source": {
                "type": "git",
                "url": "https://github.com/fmihel/php-router.git",
                "reference": "6897caffd475183aee79d34d8f097fd9fb2d9675"
            },
            "dist": {
                "type": "zip",
                "url": "https://api.github.com/repos/fmihel/php-router/zipball/6897caffd475183aee79d34d8f097fd9fb2d9675",
                "reference": "6897caffd475183aee79d34d8f097fd9fb2d9675",
                "shasum": ""
            },
            "require-dev": {
                "phpunit/phpunit": "^8.5"
            },
            "type": "library",
            "autoload": {
                "psr-4": {
                    "fmihel\\router\\": "source/server"
                }
            },
            "notification-url": "https://packagist.org/downloads/",
            "license": [
                "MIT"
            ],
            "authors": [
                {
                    "name": "fmihel",
                    "email": "fmihel76@gmail.com"
                }
            ],
            "description": "php,router",
            "time": "2020-01-09T06:50:11+00:00"
        }
    ],
    "packages-dev": [],
    "aliases": [],
    "minimum-stability": "stable",
    "stability-flags": [],
    "prefer-stable": false,
    "prefer-lowest": false,
    "platform": [],
    "platform-dev": []
}
